// !$*UTF8*$!
{
	archiveVersion = 1;
	classes = {
	};
	objectVersion = 51;
	objects = {

/* Begin PBXBuildFile section */
		5535BEBF424955B3DC465A17 /* Pods_NearbyFastFood.framework in Frameworks */ = {isa = PBXBuildFile; fileRef = 9B4D80C0F040CA0AF9BD3618 /* Pods_NearbyFastFood.framework */; };
		9E24286424C1E24500E663FC /* AppDelegate.swift in Sources */ = {isa = PBXBuildFile; fileRef = 9E24286324C1E24500E663FC /* AppDelegate.swift */; };
		9E24286624C1E24500E663FC /* SceneDelegate.swift in Sources */ = {isa = PBXBuildFile; fileRef = 9E24286524C1E24500E663FC /* SceneDelegate.swift */; };
		9E24286824C1E24500E663FC /* ViewController.swift in Sources */ = {isa = PBXBuildFile; fileRef = 9E24286724C1E24500E663FC /* ViewController.swift */; };
		9E24286B24C1E24500E663FC /* Main.storyboard in Resources */ = {isa = PBXBuildFile; fileRef = 9E24286924C1E24500E663FC /* Main.storyboard */; };
		9E24286D24C1E24900E663FC /* Assets.xcassets in Resources */ = {isa = PBXBuildFile; fileRef = 9E24286C24C1E24900E663FC /* Assets.xcassets */; };
		9E24287024C1E24900E663FC /* LaunchScreen.storyboard in Resources */ = {isa = PBXBuildFile; fileRef = 9E24286E24C1E24900E663FC /* LaunchScreen.storyboard */; };
		9E24287824C1E65200E663FC /* UIView + Layout.swift in Sources */ = {isa = PBXBuildFile; fileRef = 9E24287724C1E65200E663FC /* UIView + Layout.swift */; };
		9E24287A24C1FB1E00E663FC /* Constants.swift in Sources */ = {isa = PBXBuildFile; fileRef = 9E24287924C1FB1E00E663FC /* Constants.swift */; };
		9E24287C24C201FD00E663FC /* AlertService.swift in Sources */ = {isa = PBXBuildFile; fileRef = 9E24287B24C201FD00E663FC /* AlertService.swift */; };
		9E2C176124C3BAA400ED4ACC /* RestaurantCell.swift in Sources */ = {isa = PBXBuildFile; fileRef = 9E2C175F24C3BAA400ED4ACC /* RestaurantCell.swift */; };
		9E2C176224C3BAA400ED4ACC /* RestaurantCell.xib in Resources */ = {isa = PBXBuildFile; fileRef = 9E2C176024C3BAA400ED4ACC /* RestaurantCell.xib */; };
		9E2C176424C4ABC400ED4ACC /* RestaurantAnnotationView.swift in Sources */ = {isa = PBXBuildFile; fileRef = 9E2C176324C4ABC400ED4ACC /* RestaurantAnnotationView.swift */; };
		9E2C176624C530F900ED4ACC /* DetailsController.swift in Sources */ = {isa = PBXBuildFile; fileRef = 9E2C176524C530F900ED4ACC /* DetailsController.swift */; };
		9E2C176B24C546CE00ED4ACC /* InsetsLabel.swift in Sources */ = {isa = PBXBuildFile; fileRef = 9E2C176A24C546CE00ED4ACC /* InsetsLabel.swift */; };
		9E2C176D24C54F7E00ED4ACC /* UIImageView + Extensions.swift in Sources */ = {isa = PBXBuildFile; fileRef = 9E2C176C24C54F7E00ED4ACC /* UIImageView + Extensions.swift */; };
		9E2C177124C5562100ED4ACC /* ScaleAspectFitImageView.swift in Sources */ = {isa = PBXBuildFile; fileRef = 9E2C177024C5562000ED4ACC /* ScaleAspectFitImageView.swift */; };
		9E80024524C24AFC001A46E3 /* RequestInterceptor.swift in Sources */ = {isa = PBXBuildFile; fileRef = 9E80024424C24AFC001A46E3 /* RequestInterceptor.swift */; };
		9E80024824C268FF001A46E3 /* APIService.swift in Sources */ = {isa = PBXBuildFile; fileRef = 9E80024724C268FF001A46E3 /* APIService.swift */; };
		9E80024B24C28DD6001A46E3 /* Business.swift in Sources */ = {isa = PBXBuildFile; fileRef = 9E80024A24C28DD6001A46E3 /* Business.swift */; };
		9E91D2BE24C67DBF0082644E /* LocationService.swift in Sources */ = {isa = PBXBuildFile; fileRef = 9E91D2BD24C67DBF0082644E /* LocationService.swift */; };
		9E91D2C024C71FB60082644E /* old.swift in Sources */ = {isa = PBXBuildFile; fileRef = 9E91D2BF24C71FB60082644E /* old.swift */; };
/* End PBXBuildFile section */

/* Begin PBXFileReference section */
		624FB5DAB4B228C94AF1D2EE /* Pods-NearbyFastFood.debug.xcconfig */ = {isa = PBXFileReference; includeInIndex = 1; lastKnownFileType = text.xcconfig; name = "Pods-NearbyFastFood.debug.xcconfig"; path = "Target Support Files/Pods-NearbyFastFood/Pods-NearbyFastFood.debug.xcconfig"; sourceTree = "<group>"; };
		9B4D80C0F040CA0AF9BD3618 /* Pods_NearbyFastFood.framework */ = {isa = PBXFileReference; explicitFileType = wrapper.framework; includeInIndex = 0; path = Pods_NearbyFastFood.framework; sourceTree = BUILT_PRODUCTS_DIR; };
		9CB4DBC1FBE2F35BC82EDDA8 /* Pods-NearbyFastFood.release.xcconfig */ = {isa = PBXFileReference; includeInIndex = 1; lastKnownFileType = text.xcconfig; name = "Pods-NearbyFastFood.release.xcconfig"; path = "Target Support Files/Pods-NearbyFastFood/Pods-NearbyFastFood.release.xcconfig"; sourceTree = "<group>"; };
		9E24286024C1E24500E663FC /* NearbyFastFood.app */ = {isa = PBXFileReference; explicitFileType = wrapper.application; includeInIndex = 0; path = NearbyFastFood.app; sourceTree = BUILT_PRODUCTS_DIR; };
		9E24286324C1E24500E663FC /* AppDelegate.swift */ = {isa = PBXFileReference; lastKnownFileType = sourcecode.swift; path = AppDelegate.swift; sourceTree = "<group>"; };
		9E24286524C1E24500E663FC /* SceneDelegate.swift */ = {isa = PBXFileReference; lastKnownFileType = sourcecode.swift; path = SceneDelegate.swift; sourceTree = "<group>"; };
		9E24286724C1E24500E663FC /* ViewController.swift */ = {isa = PBXFileReference; lastKnownFileType = sourcecode.swift; path = ViewController.swift; sourceTree = "<group>"; };
		9E24286A24C1E24500E663FC /* Base */ = {isa = PBXFileReference; lastKnownFileType = file.storyboard; name = Base; path = Base.lproj/Main.storyboard; sourceTree = "<group>"; };
		9E24286C24C1E24900E663FC /* Assets.xcassets */ = {isa = PBXFileReference; lastKnownFileType = folder.assetcatalog; path = Assets.xcassets; sourceTree = "<group>"; };
		9E24286F24C1E24900E663FC /* Base */ = {isa = PBXFileReference; lastKnownFileType = file.storyboard; name = Base; path = Base.lproj/LaunchScreen.storyboard; sourceTree = "<group>"; };
		9E24287124C1E24900E663FC /* Info.plist */ = {isa = PBXFileReference; lastKnownFileType = text.plist.xml; path = Info.plist; sourceTree = "<group>"; };
		9E24287724C1E65200E663FC /* UIView + Layout.swift */ = {isa = PBXFileReference; lastKnownFileType = sourcecode.swift; path = "UIView + Layout.swift"; sourceTree = "<group>"; };
		9E24287924C1FB1E00E663FC /* Constants.swift */ = {isa = PBXFileReference; lastKnownFileType = sourcecode.swift; path = Constants.swift; sourceTree = "<group>"; };
		9E24287B24C201FD00E663FC /* AlertService.swift */ = {isa = PBXFileReference; lastKnownFileType = sourcecode.swift; path = AlertService.swift; sourceTree = "<group>"; };
		9E2C175F24C3BAA400ED4ACC /* RestaurantCell.swift */ = {isa = PBXFileReference; lastKnownFileType = sourcecode.swift; path = RestaurantCell.swift; sourceTree = "<group>"; };
		9E2C176024C3BAA400ED4ACC /* RestaurantCell.xib */ = {isa = PBXFileReference; lastKnownFileType = file.xib; path = RestaurantCell.xib; sourceTree = "<group>"; };
		9E2C176324C4ABC400ED4ACC /* RestaurantAnnotationView.swift */ = {isa = PBXFileReference; lastKnownFileType = sourcecode.swift; path = RestaurantAnnotationView.swift; sourceTree = "<group>"; };
		9E2C176524C530F900ED4ACC /* DetailsController.swift */ = {isa = PBXFileReference; lastKnownFileType = sourcecode.swift; path = DetailsController.swift; sourceTree = "<group>"; };
		9E2C176A24C546CE00ED4ACC /* InsetsLabel.swift */ = {isa = PBXFileReference; lastKnownFileType = sourcecode.swift; path = InsetsLabel.swift; sourceTree = "<group>"; };
		9E2C176C24C54F7E00ED4ACC /* UIImageView + Extensions.swift */ = {isa = PBXFileReference; lastKnownFileType = sourcecode.swift; path = "UIImageView + Extensions.swift"; sourceTree = "<group>"; };
		9E2C177024C5562000ED4ACC /* ScaleAspectFitImageView.swift */ = {isa = PBXFileReference; lastKnownFileType = sourcecode.swift; path = ScaleAspectFitImageView.swift; sourceTree = "<group>"; };
		9E80024424C24AFC001A46E3 /* RequestInterceptor.swift */ = {isa = PBXFileReference; lastKnownFileType = sourcecode.swift; path = RequestInterceptor.swift; sourceTree = "<group>"; };
		9E80024724C268FF001A46E3 /* APIService.swift */ = {isa = PBXFileReference; lastKnownFileType = sourcecode.swift; path = APIService.swift; sourceTree = "<group>"; };
		9E80024A24C28DD6001A46E3 /* Business.swift */ = {isa = PBXFileReference; lastKnownFileType = sourcecode.swift; path = Business.swift; sourceTree = "<group>"; };
		9E91D2BD24C67DBF0082644E /* LocationService.swift */ = {isa = PBXFileReference; lastKnownFileType = sourcecode.swift; path = LocationService.swift; sourceTree = "<group>"; };
		9E91D2BF24C71FB60082644E /* old.swift */ = {isa = PBXFileReference; lastKnownFileType = sourcecode.swift; path = old.swift; sourceTree = "<group>"; };
/* End PBXFileReference section */

/* Begin PBXFrameworksBuildPhase section */
		9E24285D24C1E24500E663FC /* Frameworks */ = {
			isa = PBXFrameworksBuildPhase;
			buildActionMask = 2147483647;
			files = (
				5535BEBF424955B3DC465A17 /* Pods_NearbyFastFood.framework in Frameworks */,
			);
			runOnlyForDeploymentPostprocessing = 0;
		};
/* End PBXFrameworksBuildPhase section */

/* Begin PBXGroup section */
		1E4C1242005AACC3296C977B /* Frameworks */ = {
			isa = PBXGroup;
			children = (
				9B4D80C0F040CA0AF9BD3618 /* Pods_NearbyFastFood.framework */,
			);
			name = Frameworks;
			sourceTree = "<group>";
		};
		9E24285724C1E24500E663FC = {
			isa = PBXGroup;
			children = (
				9E24286224C1E24500E663FC /* NearbyFastFood */,
				9E24286124C1E24500E663FC /* Products */,
				ACF06869AD2FF93F9B721D3D /* Pods */,
				1E4C1242005AACC3296C977B /* Frameworks */,
			);
			sourceTree = "<group>";
		};
		9E24286124C1E24500E663FC /* Products */ = {
			isa = PBXGroup;
			children = (
				9E24286024C1E24500E663FC /* NearbyFastFood.app */,
			);
			name = Products;
			sourceTree = "<group>";
		};
		9E24286224C1E24500E663FC /* NearbyFastFood */ = {
			isa = PBXGroup;
			children = (
				9E24286324C1E24500E663FC /* AppDelegate.swift */,
				9E24286524C1E24500E663FC /* SceneDelegate.swift */,
				9E80024C24C28DDB001A46E3 /* Model */,
				9E2C175E24C3BA4D00ED4ACC /* Views */,
				9E2C175B24C3B9CC00ED4ACC /* Controllers */,
				9E24286924C1E24500E663FC /* Main.storyboard */,
				9E24286C24C1E24900E663FC /* Assets.xcassets */,
				9E24286E24C1E24900E663FC /* LaunchScreen.storyboard */,
				9E24287124C1E24900E663FC /* Info.plist */,
				9E2C176924C53E1200ED4ACC /* Extensions */,
				9E80024924C289A8001A46E3 /* Constants */,
				9E24287D24C202EF00E663FC /* Services */,
				9E80024624C24C93001A46E3 /* Alamofire */,
			);
			path = NearbyFastFood;
			sourceTree = "<group>";
		};
		9E24287D24C202EF00E663FC /* Services */ = {
			isa = PBXGroup;
			children = (
				9E24287B24C201FD00E663FC /* AlertService.swift */,
			);
			path = Services;
			sourceTree = "<group>";
		};
		9E2C175B24C3B9CC00ED4ACC /* Controllers */ = {
			isa = PBXGroup;
			children = (
				9E91D2BF24C71FB60082644E /* old.swift */,
				9E24286724C1E24500E663FC /* ViewController.swift */,
				9E2C176524C530F900ED4ACC /* DetailsController.swift */,
			);
			path = Controllers;
			sourceTree = "<group>";
		};
		9E2C175E24C3BA4D00ED4ACC /* Views */ = {
			isa = PBXGroup;
			children = (
				9E2C175F24C3BAA400ED4ACC /* RestaurantCell.swift */,
				9E2C176024C3BAA400ED4ACC /* RestaurantCell.xib */,
				9E2C176324C4ABC400ED4ACC /* RestaurantAnnotationView.swift */,
				9E2C176A24C546CE00ED4ACC /* InsetsLabel.swift */,
				9E2C177024C5562000ED4ACC /* ScaleAspectFitImageView.swift */,
			);
			path = Views;
			sourceTree = "<group>";
		};
		9E2C176924C53E1200ED4ACC /* Extensions */ = {
			isa = PBXGroup;
			children = (
				9E24287724C1E65200E663FC /* UIView + Layout.swift */,
				9E2C176C24C54F7E00ED4ACC /* UIImageView + Extensions.swift */,
			);
			path = Extensions;
			sourceTree = "<group>";
		};
		9E80024624C24C93001A46E3 /* Alamofire */ = {
			isa = PBXGroup;
			children = (
				9E80024724C268FF001A46E3 /* APIService.swift */,
				9E80024424C24AFC001A46E3 /* RequestInterceptor.swift */,
				9E91D2BD24C67DBF0082644E /* LocationService.swift */,
			);
			path = Alamofire;
			sourceTree = "<group>";
		};
		9E80024924C289A8001A46E3 /* Constants */ = {
			isa = PBXGroup;
			children = (
				9E24287924C1FB1E00E663FC /* Constants.swift */,
			);
			path = Constants;
			sourceTree = "<group>";
		};
		9E80024C24C28DDB001A46E3 /* Model */ = {
			isa = PBXGroup;
			children = (
				9E80024A24C28DD6001A46E3 /* Business.swift */,
			);
			path = Model;
			sourceTree = "<group>";
		};
		ACF06869AD2FF93F9B721D3D /* Pods */ = {
			isa = PBXGroup;
			children = (
				624FB5DAB4B228C94AF1D2EE /* Pods-NearbyFastFood.debug.xcconfig */,
				9CB4DBC1FBE2F35BC82EDDA8 /* Pods-NearbyFastFood.release.xcconfig */,
			);
			path = Pods;
			sourceTree = "<group>";
		};
/* End PBXGroup section */

/* Begin PBXNativeTarget section */
		9E24285F24C1E24500E663FC /* NearbyFastFood */ = {
			isa = PBXNativeTarget;
			buildConfigurationList = 9E24287424C1E24900E663FC /* Build configuration list for PBXNativeTarget "NearbyFastFood" */;
			buildPhases = (
				BF59A8C6DC0FCC61CDF688E8 /* [CP] Check Pods Manifest.lock */,
				9E24285C24C1E24500E663FC /* Sources */,
				9E24285D24C1E24500E663FC /* Frameworks */,
				9E24285E24C1E24500E663FC /* Resources */,
				F49E510B227BE8B8C17F1CDE /* [CP] Embed Pods Frameworks */,
			);
			buildRules = (
			);
			dependencies = (
			);
			name = NearbyFastFood;
			productName = NearbyFastFood;
			productReference = 9E24286024C1E24500E663FC /* NearbyFastFood.app */;
			productType = "com.apple.product-type.application";
		};
/* End PBXNativeTarget section */

/* Begin PBXProject section */
		9E24285824C1E24500E663FC /* Project object */ = {
			isa = PBXProject;
			attributes = {
				LastSwiftUpdateCheck = 1150;
				LastUpgradeCheck = 1150;
				ORGANIZATIONNAME = "Priscilla Ip";
				TargetAttributes = {
					9E24285F24C1E24500E663FC = {
						CreatedOnToolsVersion = 11.5;
					};
				};
			};
			buildConfigurationList = 9E24285B24C1E24500E663FC /* Build configuration list for PBXProject "NearbyFastFood" */;
			compatibilityVersion = "Xcode 9.3";
			developmentRegion = en;
			hasScannedForEncodings = 0;
			knownRegions = (
				en,
				Base,
			);
			mainGroup = 9E24285724C1E24500E663FC;
			productRefGroup = 9E24286124C1E24500E663FC /* Products */;
			projectDirPath = "";
			projectRoot = "";
			targets = (
				9E24285F24C1E24500E663FC /* NearbyFastFood */,
			);
		};
/* End PBXProject section */

/* Begin PBXResourcesBuildPhase section */
		9E24285E24C1E24500E663FC /* Resources */ = {
			isa = PBXResourcesBuildPhase;
			buildActionMask = 2147483647;
			files = (
				9E2C176224C3BAA400ED4ACC /* RestaurantCell.xib in Resources */,
				9E24287024C1E24900E663FC /* LaunchScreen.storyboard in Resources */,
				9E24286D24C1E24900E663FC /* Assets.xcassets in Resources */,
				9E24286B24C1E24500E663FC /* Main.storyboard in Resources */,
			);
			runOnlyForDeploymentPostprocessing = 0;
		};
/* End PBXResourcesBuildPhase section */

/* Begin PBXShellScriptBuildPhase section */
		BF59A8C6DC0FCC61CDF688E8 /* [CP] Check Pods Manifest.lock */ = {
			isa = PBXShellScriptBuildPhase;
			buildActionMask = 2147483647;
			files = (
			);
			inputFileListPaths = (
			);
			inputPaths = (
				"${PODS_PODFILE_DIR_PATH}/Podfile.lock",
				"${PODS_ROOT}/Manifest.lock",
			);
			name = "[CP] Check Pods Manifest.lock";
			outputFileListPaths = (
			);
			outputPaths = (
				"$(DERIVED_FILE_DIR)/Pods-NearbyFastFood-checkManifestLockResult.txt",
			);
			runOnlyForDeploymentPostprocessing = 0;
			shellPath = /bin/sh;
			shellScript = "diff \"${PODS_PODFILE_DIR_PATH}/Podfile.lock\" \"${PODS_ROOT}/Manifest.lock\" > /dev/null\nif [ $? != 0 ] ; then\n    # print error to STDERR\n    echo \"error: The sandbox is not in sync with the Podfile.lock. Run 'pod install' or update your CocoaPods installation.\" >&2\n    exit 1\nfi\n# This output is used by Xcode 'outputs' to avoid re-running this script phase.\necho \"SUCCESS\" > \"${SCRIPT_OUTPUT_FILE_0}\"\n";
			showEnvVarsInLog = 0;
		};
		F49E510B227BE8B8C17F1CDE /* [CP] Embed Pods Frameworks */ = {
			isa = PBXShellScriptBuildPhase;
			buildActionMask = 2147483647;
			files = (
			);
			inputFileListPaths = (
				"${PODS_ROOT}/Target Support Files/Pods-NearbyFastFood/Pods-NearbyFastFood-frameworks-${CONFIGURATION}-input-files.xcfilelist",
			);
			name = "[CP] Embed Pods Frameworks";
			outputFileListPaths = (
				"${PODS_ROOT}/Target Support Files/Pods-NearbyFastFood/Pods-NearbyFastFood-frameworks-${CONFIGURATION}-output-files.xcfilelist",
			);
			runOnlyForDeploymentPostprocessing = 0;
			shellPath = /bin/sh;
			shellScript = "\"${PODS_ROOT}/Target Support Files/Pods-NearbyFastFood/Pods-NearbyFastFood-frameworks.sh\"\n";
			showEnvVarsInLog = 0;
		};
/* End PBXShellScriptBuildPhase section */

/* Begin PBXSourcesBuildPhase section */
		9E24285C24C1E24500E663FC /* Sources */ = {
			isa = PBXSourcesBuildPhase;
			buildActionMask = 2147483647;
			files = (
				9E2C176124C3BAA400ED4ACC /* RestaurantCell.swift in Sources */,
				9E2C177124C5562100ED4ACC /* ScaleAspectFitImageView.swift in Sources */,
				9E24287A24C1FB1E00E663FC /* Constants.swift in Sources */,
				9E80024524C24AFC001A46E3 /* RequestInterceptor.swift in Sources */,
				9E24286824C1E24500E663FC /* ViewController.swift in Sources */,
				9E2C176D24C54F7E00ED4ACC /* UIImageView + Extensions.swift in Sources */,
				9E2C176624C530F900ED4ACC /* DetailsController.swift in Sources */,
				9E24286424C1E24500E663FC /* AppDelegate.swift in Sources */,
				9E24287824C1E65200E663FC /* UIView + Layout.swift in Sources */,
				9E2C176424C4ABC400ED4ACC /* RestaurantAnnotationView.swift in Sources */,
				9E91D2BE24C67DBF0082644E /* LocationService.swift in Sources */,
				9E24287C24C201FD00E663FC /* AlertService.swift in Sources */,
				9E91D2C024C71FB60082644E /* old.swift in Sources */,
				9E80024B24C28DD6001A46E3 /* Business.swift in Sources */,
				9E80024824C268FF001A46E3 /* APIService.swift in Sources */,
				9E24286624C1E24500E663FC /* SceneDelegate.swift in Sources */,
				9E2C176B24C546CE00ED4ACC /* InsetsLabel.swift in Sources */,
			);
			runOnlyForDeploymentPostprocessing = 0;
		};
/* End PBXSourcesBuildPhase section */

/* Begin PBXVariantGroup section */
		9E24286924C1E24500E663FC /* Main.storyboard */ = {
			isa = PBXVariantGroup;
			children = (
				9E24286A24C1E24500E663FC /* Base */,
			);
			name = Main.storyboard;
			sourceTree = "<group>";
		};
		9E24286E24C1E24900E663FC /* LaunchScreen.storyboard */ = {
			isa = PBXVariantGroup;
			children = (
				9E24286F24C1E24900E663FC /* Base */,
			);
			name = LaunchScreen.storyboard;
			sourceTree = "<group>";
		};
/* End PBXVariantGroup section */

/* Begin XCBuildConfiguration section */
		9E24287224C1E24900E663FC /* Debug */ = {
			isa = XCBuildConfiguration;
			buildSettings = {
				ALWAYS_SEARCH_USER_PATHS = NO;
				CLANG_ANALYZER_NONNULL = YES;
				CLANG_ANALYZER_NUMBER_OBJECT_CONVERSION = YES_AGGRESSIVE;
				CLANG_CXX_LANGUAGE_STANDARD = "gnu++14";
				CLANG_CXX_LIBRARY = "libc++";
				CLANG_ENABLE_MODULES = YES;
				CLANG_ENABLE_OBJC_ARC = YES;
				CLANG_ENABLE_OBJC_WEAK = YES;
				CLANG_WARN_BLOCK_CAPTURE_AUTORELEASING = YES;
				CLANG_WARN_BOOL_CONVERSION = YES;
				CLANG_WARN_COMMA = YES;
				CLANG_WARN_CONSTANT_CONVERSION = YES;
				CLANG_WARN_DEPRECATED_OBJC_IMPLEMENTATIONS = YES;
				CLANG_WARN_DIRECT_OBJC_ISA_USAGE = YES_ERROR;
				CLANG_WARN_DOCUMENTATION_COMMENTS = YES;
				CLANG_WARN_EMPTY_BODY = YES;
				CLANG_WARN_ENUM_CONVERSION = YES;
				CLANG_WARN_INFINITE_RECURSION = YES;
				CLANG_WARN_INT_CONVERSION = YES;
				CLANG_WARN_NON_LITERAL_NULL_CONVERSION = YES;
				CLANG_WARN_OBJC_IMPLICIT_RETAIN_SELF = YES;
				CLANG_WARN_OBJC_LITERAL_CONVERSION = YES;
				CLANG_WARN_OBJC_ROOT_CLASS = YES_ERROR;
				CLANG_WARN_RANGE_LOOP_ANALYSIS = YES;
				CLANG_WARN_STRICT_PROTOTYPES = YES;
				CLANG_WARN_SUSPICIOUS_MOVE = YES;
				CLANG_WARN_UNGUARDED_AVAILABILITY = YES_AGGRESSIVE;
				CLANG_WARN_UNREACHABLE_CODE = YES;
				CLANG_WARN__DUPLICATE_METHOD_MATCH = YES;
				COPY_PHASE_STRIP = NO;
				DEBUG_INFORMATION_FORMAT = dwarf;
				ENABLE_STRICT_OBJC_MSGSEND = YES;
				ENABLE_TESTABILITY = YES;
				GCC_C_LANGUAGE_STANDARD = gnu11;
				GCC_DYNAMIC_NO_PIC = NO;
				GCC_NO_COMMON_BLOCKS = YES;
				GCC_OPTIMIZATION_LEVEL = 0;
				GCC_PREPROCESSOR_DEFINITIONS = (
					"DEBUG=1",
					"$(inherited)",
				);
				GCC_WARN_64_TO_32_BIT_CONVERSION = YES;
				GCC_WARN_ABOUT_RETURN_TYPE = YES_ERROR;
				GCC_WARN_UNDECLARED_SELECTOR = YES;
				GCC_WARN_UNINITIALIZED_AUTOS = YES_AGGRESSIVE;
				GCC_WARN_UNUSED_FUNCTION = YES;
				GCC_WARN_UNUSED_VARIABLE = YES;
				IPHONEOS_DEPLOYMENT_TARGET = 13.5;
				MTL_ENABLE_DEBUG_INFO = INCLUDE_SOURCE;
				MTL_FAST_MATH = YES;
				ONLY_ACTIVE_ARCH = YES;
				SDKROOT = iphoneos;
				SWIFT_ACTIVE_COMPILATION_CONDITIONS = DEBUG;
				SWIFT_OPTIMIZATION_LEVEL = "-Onone";
			};
			name = Debug;
		};
		9E24287324C1E24900E663FC /* Release */ = {
			isa = XCBuildConfiguration;
			buildSettings = {
				ALWAYS_SEARCH_USER_PATHS = NO;
				CLANG_ANALYZER_NONNULL = YES;
				CLANG_ANALYZER_NUMBER_OBJECT_CONVERSION = YES_AGGRESSIVE;
				CLANG_CXX_LANGUAGE_STANDARD = "gnu++14";
				CLANG_CXX_LIBRARY = "libc++";
				CLANG_ENABLE_MODULES = YES;
				CLANG_ENABLE_OBJC_ARC = YES;
				CLANG_ENABLE_OBJC_WEAK = YES;
				CLANG_WARN_BLOCK_CAPTURE_AUTORELEASING = YES;
				CLANG_WARN_BOOL_CONVERSION = YES;
				CLANG_WARN_COMMA = YES;
				CLANG_WARN_CONSTANT_CONVERSION = YES;
				CLANG_WARN_DEPRECATED_OBJC_IMPLEMENTATIONS = YES;
				CLANG_WARN_DIRECT_OBJC_ISA_USAGE = YES_ERROR;
				CLANG_WARN_DOCUMENTATION_COMMENTS = YES;
				CLANG_WARN_EMPTY_BODY = YES;
				CLANG_WARN_ENUM_CONVERSION = YES;
				CLANG_WARN_INFINITE_RECURSION = YES;
				CLANG_WARN_INT_CONVERSION = YES;
				CLANG_WARN_NON_LITERAL_NULL_CONVERSION = YES;
				CLANG_WARN_OBJC_IMPLICIT_RETAIN_SELF = YES;
				CLANG_WARN_OBJC_LITERAL_CONVERSION = YES;
				CLANG_WARN_OBJC_ROOT_CLASS = YES_ERROR;
				CLANG_WARN_RANGE_LOOP_ANALYSIS = YES;
				CLANG_WARN_STRICT_PROTOTYPES = YES;
				CLANG_WARN_SUSPICIOUS_MOVE = YES;
				CLANG_WARN_UNGUARDED_AVAILABILITY = YES_AGGRESSIVE;
				CLANG_WARN_UNREACHABLE_CODE = YES;
				CLANG_WARN__DUPLICATE_METHOD_MATCH = YES;
				COPY_PHASE_STRIP = NO;
				DEBUG_INFORMATION_FORMAT = "dwarf-with-dsym";
				ENABLE_NS_ASSERTIONS = NO;
				ENABLE_STRICT_OBJC_MSGSEND = YES;
				GCC_C_LANGUAGE_STANDARD = gnu11;
				GCC_NO_COMMON_BLOCKS = YES;
				GCC_WARN_64_TO_32_BIT_CONVERSION = YES;
				GCC_WARN_ABOUT_RETURN_TYPE = YES_ERROR;
				GCC_WARN_UNDECLARED_SELECTOR = YES;
				GCC_WARN_UNINITIALIZED_AUTOS = YES_AGGRESSIVE;
				GCC_WARN_UNUSED_FUNCTION = YES;
				GCC_WARN_UNUSED_VARIABLE = YES;
				IPHONEOS_DEPLOYMENT_TARGET = 13.5;
				MTL_ENABLE_DEBUG_INFO = NO;
				MTL_FAST_MATH = YES;
				SDKROOT = iphoneos;
				SWIFT_COMPILATION_MODE = wholemodule;
				SWIFT_OPTIMIZATION_LEVEL = "-O";
				VALIDATE_PRODUCT = YES;
			};
			name = Release;
		};
		9E24287524C1E24900E663FC /* Debug */ = {
			isa = XCBuildConfiguration;
			baseConfigurationReference = 624FB5DAB4B228C94AF1D2EE /* Pods-NearbyFastFood.debug.xcconfig */;
			buildSettings = {
				ASSETCATALOG_COMPILER_APPICON_NAME = AppIcon;
				CODE_SIGN_STYLE = Automatic;
				DEVELOPMENT_TEAM = A5L5S7CN8F;
				INFOPLIST_FILE = NearbyFastFood/Info.plist;
				LD_RUNPATH_SEARCH_PATHS = (
					"$(inherited)",
					"@executable_path/Frameworks",
				);
				PRODUCT_BUNDLE_IDENTIFIER = com.priscillaip.NearbyFastFood;
				PRODUCT_NAME = "$(TARGET_NAME)";
				SWIFT_VERSION = 5.0;
				TARGETED_DEVICE_FAMILY = "1,2";
			};
			name = Debug;
		};
		9E24287624C1E24900E663FC /* Release */ = {
			isa = XCBuildConfiguration;
			baseConfigurationReference = 9CB4DBC1FBE2F35BC82EDDA8 /* Pods-NearbyFastFood.release.xcconfig */;
			buildSettings = {
				ASSETCATALOG_COMPILER_APPICON_NAME = AppIcon;
				CODE_SIGN_STYLE = Automatic;
				DEVELOPMENT_TEAM = A5L5S7CN8F;
				INFOPLIST_FILE = NearbyFastFood/Info.plist;
				LD_RUNPATH_SEARCH_PATHS = (
					"$(inherited)",
					"@executable_path/Frameworks",
				);
				PRODUCT_BUNDLE_IDENTIFIER = com.priscillaip.NearbyFastFood;
				PRODUCT_NAME = "$(TARGET_NAME)";
				SWIFT_VERSION = 5.0;
				TARGETED_DEVICE_FAMILY = "1,2";
			};
			name = Release;
		};
/* End XCBuildConfiguration section */

/* Begin XCConfigurationList section */
		9E24285B24C1E24500E663FC /* Build configuration list for PBXProject "NearbyFastFood" */ = {
			isa = XCConfigurationList;
			buildConfigurations = (
				9E24287224C1E24900E663FC /* Debug */,
				9E24287324C1E24900E663FC /* Release */,
			);
			defaultConfigurationIsVisible = 0;
			defaultConfigurationName = Release;
		};
		9E24287424C1E24900E663FC /* Build configuration list for PBXNativeTarget "NearbyFastFood" */ = {
			isa = XCConfigurationList;
			buildConfigurations = (
				9E24287524C1E24900E663FC /* Debug */,
				9E24287624C1E24900E663FC /* Release */,
			);
			defaultConfigurationIsVisible = 0;
			defaultConfigurationName = Release;
		};
/* End XCConfigurationList section */
	};
	rootObject = 9E24285824C1E24500E663FC /* Project object */;
}
